<?xml version="1.0" encoding="UTF-8" standalone="yes" ?>
<CodeBlocks_project_file>
	<FileVersion major="1" minor="6" />
	<Project>
		<Option title="PROJ5" />
		<Option pch_mode="2" />
		<Option compiler="gcc" />
		<Build>
			<Target title="Debug">
				<Option output="bin/Debug/PROJ5" prefix_auto="1" extension_auto="1" />
				<Option object_output="obj/Debug/" />
				<Option type="1" />
				<Option compiler="gcc" />
				<Compiler>
					<Add option="-g" />
					<Add directory="C:/Users/Matt/Desktop/PROJ5/" />
					<Add directory="include" />
					<Add directory="E:/PROJ5/" />
				</Compiler>
			</Target>
			<Target title="Release">
				<Option output="bin/Release/PROJ5" prefix_auto="1" extension_auto="1" />
				<Option object_output="obj/Release/" />
				<Option type="1" />
				<Option compiler="gcc" />
				<Compiler>
					<Add option="-O2" />
					<Add directory="include" />
				</Compiler>
				<Linker>
					<Add option="-s" />
				</Linker>
			</Target>
		</Build>
		<Compiler>
			<Add option="-Wall" />
			<Add option="-fexceptions" />
			<Add directory="D:/PROJ5/" />
			<Add directory="E:/PROJ5/" />
		</Compiler>
		<Unit filename="graph.cpp" />
		<Unit filename="graph.h" />
		<Unit filename="include/Pilot.h" />
		<Unit filename="linkedlist.cpp" />
		<Unit filename="linkedlist.h" />
		<Unit filename="main.cpp" />
		<Unit filename="node.cpp" />
		<Unit filename="node.h" />
		<Unit filename="src/Pilot.cpp" />
		<Extensions>
			<code_completion />
			<envvars />
			<debugger />
			<lib_finder disable_auto="1" />
		</Extensions>
	</Project>
</CodeBlocks_project_file>
